
Microsoft Visual Studio Solution File, Format Version 12.00
# Visual Studio 15
VisualStudioVersion = 15.0.28307.421
MinimumVisualStudioVersion = 10.0.40219.1
Project("{FAE04EC0-301F-11D3-BF4B-00C04F79EFBC}") = "EcommerceOsorio", "EcommerceOsorio\EcommerceOsorio.csproj", "{2EDB64D2-8619-4254-97AA-C147BA274C32}"
EndProject
Global
	GlobalSection(SolutionConfigurationPlatforms) = preSolution
		Debug|Any CPU = Debug|Any CPU
		Release|Any CPU = Release|Any CPU
	EndGlobalSection
	GlobalSection(ProjectConfigurationPlatforms) = postSolution
		{2EDB64D2-8619-4254-97AA-C147BA274C32}.Debug|Any CPU.ActiveCfg = Debug|Any CPU
		{2EDB64D2-8619-4254-97AA-C147BA274C32}.Debug|Any CPU.Build.0 = Debug|Any CPU
		{2EDB64D2-8619-4254-97AA-C147BA274C32}.Release|Any CPU.ActiveCfg = Release|Any CPU
		{2EDB64D2-8619-4254-97AA-C147BA274C32}.Release|Any CPU.Build.0 = Release|Any CPU
	EndGlobalSection
	GlobalSection(SolutionProperties) = preSolution
		HideSolutionNode = FALSE
	EndGlobalSection
	GlobalSection(ExtensibilityGlobals) = postSolution
		SolutionGuid = {B1CFB3EA-5176-4E49-9918-CDA2C39B8C9E}
	EndGlobalSection
EndGlobal
