
Microsoft Visual Studio Solution File, Format Version 12.00
# Visual Studio 15
VisualStudioVersion = 15.0.28307.421
MinimumVisualStudioVersion = 10.0.40219.1
Project("{9A19103F-16F7-4668-BE54-9A1E7A4F7556}") = "EcommerceOsorio", "EcommerceOsorio\EcommerceOsorio.csproj", "{2EDB64D2-8619-4254-97AA-C147BA274C32}"
EndProject
Project("{9A19103F-16F7-4668-BE54-9A1E7A4F7556}") = "Domain", "Domain\Domain.csproj", "{DE4D9975-D71A-4297-A9AA-EF8DE94D6E18}"
EndProject
Project("{9A19103F-16F7-4668-BE54-9A1E7A4F7556}") = "Repository", "Repository\Repository.csproj", "{7403A96C-E4C6-406C-8A23-B41AF3B22643}"
EndProject
Project("{FAE04EC0-301F-11D3-BF4B-00C04F79EFBC}") = "API", "API\API.csproj", "{58C75E0A-5611-41EC-9C48-9AC878FF16E7}"
EndProject
Global
	GlobalSection(SolutionConfigurationPlatforms) = preSolution
		Debug|Any CPU = Debug|Any CPU
		Release|Any CPU = Release|Any CPU
	EndGlobalSection
	GlobalSection(ProjectConfigurationPlatforms) = postSolution
		{2EDB64D2-8619-4254-97AA-C147BA274C32}.Debug|Any CPU.ActiveCfg = Debug|Any CPU
		{2EDB64D2-8619-4254-97AA-C147BA274C32}.Debug|Any CPU.Build.0 = Debug|Any CPU
		{2EDB64D2-8619-4254-97AA-C147BA274C32}.Release|Any CPU.ActiveCfg = Release|Any CPU
		{2EDB64D2-8619-4254-97AA-C147BA274C32}.Release|Any CPU.Build.0 = Release|Any CPU
		{DE4D9975-D71A-4297-A9AA-EF8DE94D6E18}.Debug|Any CPU.ActiveCfg = Debug|Any CPU
		{DE4D9975-D71A-4297-A9AA-EF8DE94D6E18}.Debug|Any CPU.Build.0 = Debug|Any CPU
		{DE4D9975-D71A-4297-A9AA-EF8DE94D6E18}.Release|Any CPU.ActiveCfg = Release|Any CPU
		{DE4D9975-D71A-4297-A9AA-EF8DE94D6E18}.Release|Any CPU.Build.0 = Release|Any CPU
		{7403A96C-E4C6-406C-8A23-B41AF3B22643}.Debug|Any CPU.ActiveCfg = Debug|Any CPU
		{7403A96C-E4C6-406C-8A23-B41AF3B22643}.Debug|Any CPU.Build.0 = Debug|Any CPU
		{7403A96C-E4C6-406C-8A23-B41AF3B22643}.Release|Any CPU.ActiveCfg = Release|Any CPU
		{7403A96C-E4C6-406C-8A23-B41AF3B22643}.Release|Any CPU.Build.0 = Release|Any CPU
		{58C75E0A-5611-41EC-9C48-9AC878FF16E7}.Debug|Any CPU.ActiveCfg = Debug|Any CPU
		{58C75E0A-5611-41EC-9C48-9AC878FF16E7}.Debug|Any CPU.Build.0 = Debug|Any CPU
		{58C75E0A-5611-41EC-9C48-9AC878FF16E7}.Release|Any CPU.ActiveCfg = Release|Any CPU
		{58C75E0A-5611-41EC-9C48-9AC878FF16E7}.Release|Any CPU.Build.0 = Release|Any CPU
	EndGlobalSection
	GlobalSection(SolutionProperties) = preSolution
		HideSolutionNode = FALSE
	EndGlobalSection
	GlobalSection(ExtensibilityGlobals) = postSolution
		SolutionGuid = {B1CFB3EA-5176-4E49-9918-CDA2C39B8C9E}
	EndGlobalSection
EndGlobal
